
Microsoft Visual Studio Solution File, Format Version 12.00
# Visual Studio Version 17
VisualStudioVersion = 17.2.32630.192
MinimumVisualStudioVersion = 10.0.40219.1
Project("{9A19103F-16F7-4668-BE54-9A1E7A4F7556}") = "APWeb", "WebApplication2\APWeb.csproj", "{615A60ED-8BA6-40DC-8D62-8D68C8CB255F}"
EndProject
Global
	GlobalSection(SolutionConfigurationPlatforms) = preSolution
		Debug|Any CPU = Debug|Any CPU
		Release|Any CPU = Release|Any CPU
	EndGlobalSection
	GlobalSection(ProjectConfigurationPlatforms) = postSolution
		{615A60ED-8BA6-40DC-8D62-8D68C8CB255F}.Debug|Any CPU.ActiveCfg = Debug|Any CPU
		{615A60ED-8BA6-40DC-8D62-8D68C8CB255F}.Debug|Any CPU.Build.0 = Debug|Any CPU
		{615A60ED-8BA6-40DC-8D62-8D68C8CB255F}.Release|Any CPU.ActiveCfg = Release|Any CPU
		{615A60ED-8BA6-40DC-8D62-8D68C8CB255F}.Release|Any CPU.Build.0 = Release|Any CPU
	EndGlobalSection
	GlobalSection(SolutionProperties) = preSolution
		HideSolutionNode = FALSE
	EndGlobalSection
	GlobalSection(ExtensibilityGlobals) = postSolution
		SolutionGuid = {5963ED01-41B9-49E4-8312-5BF73AC6054C}
	EndGlobalSection
EndGlobal
